<?xml version="1.0" encoding="UTF-8" standalone="yes" ?>
<CodeBlocks_project_file>
	<FileVersion major="1" minor="6" />
	<Project>
		<Option title="meshlink" />
		<Option pch_mode="2" />
		<Option compiler="gcc" />
		<Build>
			<Target title="Debug">
				<Option output="bin/Debug/meshlink" prefix_auto="1" extension_auto="1" />
				<Option object_output="obj/Debug/" />
				<Option type="1" />
				<Option compiler="gcc" />
				<Compiler>
					<Add option="-g" />
				</Compiler>
			</Target>
		</Build>
		<Compiler>
			<Add option="-Wall" />
		</Compiler>
		<Unit filename="catta/docs/socket-auto-port.c">
			<Option compilerVar="CC" />
		</Unit>
		<Unit filename="catta/examples/core-browse-services.c">
			<Option compilerVar="CC" />
		</Unit>
		<Unit filename="catta/examples/core-publish-service.c">
			<Option compilerVar="CC" />
		</Unit>
		<Unit filename="catta/include/catta/address.h" />
		<Unit filename="catta/include/catta/alternative.h" />
		<Unit filename="catta/include/catta/cdecl.h" />
		<Unit filename="catta/include/catta/core.h" />
		<Unit filename="catta/include/catta/defs.h" />
		<Unit filename="catta/include/catta/domain.h" />
		<Unit filename="catta/include/catta/error.h" />
		<Unit filename="catta/include/catta/gccmacro.h" />
		<Unit filename="catta/include/catta/llist.h" />
		<Unit filename="catta/include/catta/log.h" />
		<Unit filename="catta/include/catta/lookup.h" />
		<Unit filename="catta/include/catta/malloc.h" />
		<Unit filename="catta/include/catta/publish.h" />
		<Unit filename="catta/include/catta/rlist.h" />
		<Unit filename="catta/include/catta/rr.h" />
		<Unit filename="catta/include/catta/simple-watch.h" />
		<Unit filename="catta/include/catta/strlst.h" />
		<Unit filename="catta/include/catta/thread-watch.h" />
		<Unit filename="catta/include/catta/timeval.h" />
		<Unit filename="catta/include/catta/watch.h" />
		<Unit filename="catta/src/addr-util.c">
			<Option compilerVar="CC" />
		</Unit>
		<Unit filename="catta/src/addr-util.h" />
		<Unit filename="catta/src/address.c">
			<Option compilerVar="CC" />
		</Unit>
		<Unit filename="catta/src/alternative.c">
			<Option compilerVar="CC" />
		</Unit>
		<Unit filename="catta/src/announce.c">
			<Option compilerVar="CC" />
		</Unit>
		<Unit filename="catta/src/announce.h" />
		<Unit filename="catta/src/browse-dns-server.c">
			<Option compilerVar="CC" />
		</Unit>
		<Unit filename="catta/src/browse-domain.c">
			<Option compilerVar="CC" />
		</Unit>
		<Unit filename="catta/src/browse-service-type.c">
			<Option compilerVar="CC" />
		</Unit>
		<Unit filename="catta/src/browse-service.c">
			<Option compilerVar="CC" />
		</Unit>
		<Unit filename="catta/src/browse.c">
			<Option compilerVar="CC" />
		</Unit>
		<Unit filename="catta/src/browse.h" />
		<Unit filename="catta/src/cache.c">
			<Option compilerVar="CC" />
		</Unit>
		<Unit filename="catta/src/cache.h" />
		<Unit filename="catta/src/compat/ios/include/net/route.h" />
		<Unit filename="catta/src/compat/windows/include/arpa/inet.h" />
		<Unit filename="catta/src/compat/windows/include/net/if.h" />
		<Unit filename="catta/src/compat/windows/include/netinet/in.h" />
		<Unit filename="catta/src/compat/windows/include/sys/ioctl.h" />
		<Unit filename="catta/src/compat/windows/include/sys/poll.h" />
		<Unit filename="catta/src/compat/windows/include/sys/select.h" />
		<Unit filename="catta/src/compat/windows/include/sys/socket.h" />
		<Unit filename="catta/src/compat/windows/include/sys/uio.h" />
		<Unit filename="catta/src/compat/windows/include/sys/utsname.h" />
		<Unit filename="catta/src/compat/windows/wincompat.c">
			<Option compilerVar="CC" />
		</Unit>
		<Unit filename="catta/src/compat/windows/wincompat.h" />
		<Unit filename="catta/src/dns-srv-rr.h" />
		<Unit filename="catta/src/dns.c">
			<Option compilerVar="CC" />
		</Unit>
		<Unit filename="catta/src/dns.h" />
		<Unit filename="catta/src/domain-util.c">
			<Option compilerVar="CC" />
		</Unit>
		<Unit filename="catta/src/domain-util.h" />
		<Unit filename="catta/src/domain.c">
			<Option compilerVar="CC" />
		</Unit>
		<Unit filename="catta/src/entry.c">
			<Option compilerVar="CC" />
		</Unit>
		<Unit filename="catta/src/error.c">
			<Option compilerVar="CC" />
		</Unit>
		<Unit filename="catta/src/fdutil.c">
			<Option compilerVar="CC" />
		</Unit>
		<Unit filename="catta/src/fdutil.h" />
		<Unit filename="catta/src/hashmap.c">
			<Option compilerVar="CC" />
		</Unit>
		<Unit filename="catta/src/hashmap.h" />
		<Unit filename="catta/src/iface-linux.c">
			<Option compilerVar="CC" />
		</Unit>
		<Unit filename="catta/src/iface-linux.h" />
		<Unit filename="catta/src/iface-none.c">
			<Option compilerVar="CC" />
		</Unit>
		<Unit filename="catta/src/iface-pfroute.c">
			<Option compilerVar="CC" />
		</Unit>
		<Unit filename="catta/src/iface-pfroute.h" />
		<Unit filename="catta/src/iface-windows.c">
			<Option compilerVar="CC" />
		</Unit>
		<Unit filename="catta/src/iface-windows.h" />
		<Unit filename="catta/src/iface.c">
			<Option compilerVar="CC" />
		</Unit>
		<Unit filename="catta/src/iface.h" />
		<Unit filename="catta/src/internal.h" />
		<Unit filename="catta/src/log.c">
			<Option compilerVar="CC" />
		</Unit>
		<Unit filename="catta/src/malloc.c">
			<Option compilerVar="CC" />
		</Unit>
		<Unit filename="catta/src/multicast-lookup.c">
			<Option compilerVar="CC" />
		</Unit>
		<Unit filename="catta/src/multicast-lookup.h" />
		<Unit filename="catta/src/netlink.c">
			<Option compilerVar="CC" />
		</Unit>
		<Unit filename="catta/src/netlink.h" />
		<Unit filename="catta/src/prioq.c">
			<Option compilerVar="CC" />
		</Unit>
		<Unit filename="catta/src/prioq.h" />
		<Unit filename="catta/src/probe-sched.c">
			<Option compilerVar="CC" />
		</Unit>
		<Unit filename="catta/src/probe-sched.h" />
		<Unit filename="catta/src/querier.c">
			<Option compilerVar="CC" />
		</Unit>
		<Unit filename="catta/src/querier.h" />
		<Unit filename="catta/src/query-sched.c">
			<Option compilerVar="CC" />
		</Unit>
		<Unit filename="catta/src/query-sched.h" />
		<Unit filename="catta/src/resolve-address.c">
			<Option compilerVar="CC" />
		</Unit>
		<Unit filename="catta/src/resolve-host-name.c">
			<Option compilerVar="CC" />
		</Unit>
		<Unit filename="catta/src/resolve-service.c">
			<Option compilerVar="CC" />
		</Unit>
		<Unit filename="catta/src/response-sched.c">
			<Option compilerVar="CC" />
		</Unit>
		<Unit filename="catta/src/response-sched.h" />
		<Unit filename="catta/src/rlist.c">
			<Option compilerVar="CC" />
		</Unit>
		<Unit filename="catta/src/rr-util.h" />
		<Unit filename="catta/src/rr.c">
			<Option compilerVar="CC" />
		</Unit>
		<Unit filename="catta/src/rrlist.c">
			<Option compilerVar="CC" />
		</Unit>
		<Unit filename="catta/src/rrlist.h" />
		<Unit filename="catta/src/server.c">
			<Option compilerVar="CC" />
		</Unit>
		<Unit filename="catta/src/simple-watch.c">
			<Option compilerVar="CC" />
		</Unit>
		<Unit filename="catta/src/socket.c">
			<Option compilerVar="CC" />
		</Unit>
		<Unit filename="catta/src/socket.h" />
		<Unit filename="catta/src/strlst.c">
			<Option compilerVar="CC" />
		</Unit>
		<Unit filename="catta/src/thread-watch.c">
			<Option compilerVar="CC" />
		</Unit>
		<Unit filename="catta/src/timeeventq.c">
			<Option compilerVar="CC" />
		</Unit>
		<Unit filename="catta/src/timeeventq.h" />
		<Unit filename="catta/src/timeval.c">
			<Option compilerVar="CC" />
		</Unit>
		<Unit filename="catta/src/utf8.c">
			<Option compilerVar="CC" />
		</Unit>
		<Unit filename="catta/src/utf8.h" />
		<Unit filename="catta/src/util.c">
			<Option compilerVar="CC" />
		</Unit>
		<Unit filename="catta/src/util.h" />
		<Unit filename="catta/src/wide-area.c">
			<Option compilerVar="CC" />
		</Unit>
		<Unit filename="catta/src/wide-area.h" />
		<Unit filename="catta/tests/alternative-test.c">
			<Option compilerVar="CC" />
		</Unit>
		<Unit filename="catta/tests/catta-reflector.c">
			<Option compilerVar="CC" />
		</Unit>
		<Unit filename="catta/tests/catta-test.c">
			<Option compilerVar="CC" />
		</Unit>
		<Unit filename="catta/tests/conformance-test.c">
			<Option compilerVar="CC" />
		</Unit>
		<Unit filename="catta/tests/dns-spin-test.c">
			<Option compilerVar="CC" />
		</Unit>
		<Unit filename="catta/tests/dns-test.c">
			<Option compilerVar="CC" />
		</Unit>
		<Unit filename="catta/tests/domain-test.c">
			<Option compilerVar="CC" />
		</Unit>
		<Unit filename="catta/tests/hashmap-test.c">
			<Option compilerVar="CC" />
		</Unit>
		<Unit filename="catta/tests/prioq-test.c">
			<Option compilerVar="CC" />
		</Unit>
		<Unit filename="catta/tests/querier-test.c">
			<Option compilerVar="CC" />
		</Unit>
		<Unit filename="catta/tests/strlst-test.c">
			<Option compilerVar="CC" />
		</Unit>
		<Unit filename="catta/tests/timeeventq-test.c">
			<Option compilerVar="CC" />
		</Unit>
		<Unit filename="catta/tests/timeval-test.c">
			<Option compilerVar="CC" />
		</Unit>
		<Unit filename="catta/tests/update-test.c">
			<Option compilerVar="CC" />
		</Unit>
		<Unit filename="catta/tests/utf8-test.c">
			<Option compilerVar="CC" />
		</Unit>
		<Unit filename="catta/tests/watch-test.c">
			<Option compilerVar="CC" />
		</Unit>
		<Unit filename="examples/channels.c">
			<Option compilerVar="CC" />
		</Unit>
		<Unit filename="examples/chat.c">
			<Option compilerVar="CC" />
		</Unit>
		<Unit filename="examples/chatpp.cc" />
		<Unit filename="examples/manynodes.c">
			<Option compilerVar="CC" />
		</Unit>
		<Unit filename="examples/meshlinkapp.c">
			<Option compilerVar="CC" />
		</Unit>
		<Unit filename="src/buffer.c">
			<Option compilerVar="CC" />
		</Unit>
		<Unit filename="src/buffer.h" />
		<Unit filename="src/chacha-poly1305/chacha-poly1305.c">
			<Option compilerVar="CC" />
		</Unit>
		<Unit filename="src/chacha-poly1305/chacha-poly1305.h" />
		<Unit filename="src/chacha-poly1305/chacha.c">
			<Option compilerVar="CC" />
		</Unit>
		<Unit filename="src/chacha-poly1305/chacha.h" />
		<Unit filename="src/chacha-poly1305/poly1305.c">
			<Option compilerVar="CC" />
		</Unit>
		<Unit filename="src/chacha-poly1305/poly1305.h" />
		<Unit filename="src/conf.c">
			<Option compilerVar="CC" />
		</Unit>
		<Unit filename="src/conf.h" />
		<Unit filename="src/connection.c">
			<Option compilerVar="CC" />
		</Unit>
		<Unit filename="src/connection.h" />
		<Unit filename="src/crypto.c">
			<Option compilerVar="CC" />
		</Unit>
		<Unit filename="src/crypto.h" />
		<Unit filename="src/devtools.c">
			<Option compilerVar="CC" />
		</Unit>
		<Unit filename="src/devtools.h" />
		<Unit filename="src/discovery.c">
			<Option compilerVar="CC" />
		</Unit>
		<Unit filename="src/discovery.h" />
		<Unit filename="src/dropin.c">
			<Option compilerVar="CC" />
		</Unit>
		<Unit filename="src/dropin.h" />
		<Unit filename="src/ecdh.h" />
		<Unit filename="src/ecdsa.h" />
		<Unit filename="src/ecdsagen.h" />
		<Unit filename="src/ed25519/add_scalar.c">
			<Option compilerVar="CC" />
		</Unit>
		<Unit filename="src/ed25519/ecdh.c">
			<Option compilerVar="CC" />
		</Unit>
		<Unit filename="src/ed25519/ecdsa.c">
			<Option compilerVar="CC" />
		</Unit>
		<Unit filename="src/ed25519/ecdsagen.c">
			<Option compilerVar="CC" />
		</Unit>
		<Unit filename="src/ed25519/ed25519.h" />
		<Unit filename="src/ed25519/fe.c">
			<Option compilerVar="CC" />
		</Unit>
		<Unit filename="src/ed25519/fe.h" />
		<Unit filename="src/ed25519/fixedint.h" />
		<Unit filename="src/ed25519/ge.c">
			<Option compilerVar="CC" />
		</Unit>
		<Unit filename="src/ed25519/ge.h" />
		<Unit filename="src/ed25519/key_exchange.c">
			<Option compilerVar="CC" />
		</Unit>
		<Unit filename="src/ed25519/keypair.c">
			<Option compilerVar="CC" />
		</Unit>
		<Unit filename="src/ed25519/precomp_data.h" />
		<Unit filename="src/ed25519/sc.c">
			<Option compilerVar="CC" />
		</Unit>
		<Unit filename="src/ed25519/sc.h" />
		<Unit filename="src/ed25519/seed.c">
			<Option compilerVar="CC" />
		</Unit>
		<Unit filename="src/ed25519/sha512.c">
			<Option compilerVar="CC" />
		</Unit>
		<Unit filename="src/ed25519/sha512.h" />
		<Unit filename="src/ed25519/sign.c">
			<Option compilerVar="CC" />
		</Unit>
		<Unit filename="src/ed25519/verify.c">
			<Option compilerVar="CC" />
		</Unit>
		<Unit filename="src/edge.c">
			<Option compilerVar="CC" />
		</Unit>
		<Unit filename="src/edge.h" />
		<Unit filename="src/event.c">
			<Option compilerVar="CC" />
		</Unit>
		<Unit filename="src/event.h" />
		<Unit filename="src/fake-gai-errnos.h" />
		<Unit filename="src/fake-getaddrinfo.c">
			<Option compilerVar="CC" />
		</Unit>
		<Unit filename="src/fake-getaddrinfo.h" />
		<Unit filename="src/fake-getnameinfo.c">
			<Option compilerVar="CC" />
		</Unit>
		<Unit filename="src/fake-getnameinfo.h" />
		<Unit filename="src/graph.c">
			<Option compilerVar="CC" />
		</Unit>
		<Unit filename="src/graph.h" />
		<Unit filename="src/hash.c">
			<Option compilerVar="CC" />
		</Unit>
		<Unit filename="src/hash.h" />
		<Unit filename="src/have.h" />
		<Unit filename="src/list.c">
			<Option compilerVar="CC" />
		</Unit>
		<Unit filename="src/list.h" />
		<Unit filename="src/logger.c">
			<Option compilerVar="CC" />
		</Unit>
		<Unit filename="src/logger.h" />
		<Unit filename="src/meshlink++.h" />
		<Unit filename="src/meshlink.c">
			<Option compilerVar="CC" />
		</Unit>
		<Unit filename="src/meshlink.h" />
		<Unit filename="src/meshlink_internal.h" />
		<Unit filename="src/meshlink_queue.h" />
		<Unit filename="src/meta.c">
			<Option compilerVar="CC" />
		</Unit>
		<Unit filename="src/meta.h" />
		<Unit filename="src/net.c">
			<Option compilerVar="CC" />
		</Unit>
		<Unit filename="src/net.h" />
		<Unit filename="src/net_packet.c">
			<Option compilerVar="CC" />
		</Unit>
		<Unit filename="src/net_setup.c">
			<Option compilerVar="CC" />
		</Unit>
		<Unit filename="src/net_socket.c">
			<Option compilerVar="CC" />
		</Unit>
		<Unit filename="src/netutl.c">
			<Option compilerVar="CC" />
		</Unit>
		<Unit filename="src/netutl.h" />
		<Unit filename="src/node.c">
			<Option compilerVar="CC" />
		</Unit>
		<Unit filename="src/node.h" />
		<Unit filename="src/prf.c">
			<Option compilerVar="CC" />
		</Unit>
		<Unit filename="src/prf.h" />
		<Unit filename="src/protocol.c">
			<Option compilerVar="CC" />
		</Unit>
		<Unit filename="src/protocol.h" />
		<Unit filename="src/protocol_auth.c">
			<Option compilerVar="CC" />
		</Unit>
		<Unit filename="src/protocol_edge.c">
			<Option compilerVar="CC" />
		</Unit>
		<Unit filename="src/protocol_key.c">
			<Option compilerVar="CC" />
		</Unit>
		<Unit filename="src/protocol_misc.c">
			<Option compilerVar="CC" />
		</Unit>
		<Unit filename="src/route.c">
			<Option compilerVar="CC" />
		</Unit>
		<Unit filename="src/route.h" />
		<Unit filename="src/sockaddr.h" />
		<Unit filename="src/splay_tree.c">
			<Option compilerVar="CC" />
		</Unit>
		<Unit filename="src/splay_tree.h" />
		<Unit filename="src/sptps.c">
			<Option compilerVar="CC" />
		</Unit>
		<Unit filename="src/sptps.h" />
		<Unit filename="src/system.h" />
		<Unit filename="src/utcp/selftest.c">
			<Option compilerVar="CC" />
		</Unit>
		<Unit filename="src/utcp/test.c">
			<Option compilerVar="CC" />
		</Unit>
		<Unit filename="src/utcp/utcp.c">
			<Option compilerVar="CC" />
		</Unit>
		<Unit filename="src/utcp/utcp.h" />
		<Unit filename="src/utcp/utcp_priv.h" />
		<Unit filename="src/utils.c">
			<Option compilerVar="CC" />
		</Unit>
		<Unit filename="src/utils.h" />
		<Unit filename="src/xalloc.h" />
		<Unit filename="test/basic.c">
			<Option compilerVar="CC" />
		</Unit>
		<Unit filename="test/basicpp.cpp" />
		<Unit filename="test/channels-cornercases.c">
			<Option compilerVar="CC" />
		</Unit>
		<Unit filename="test/channels-fork.c">
			<Option compilerVar="CC" />
		</Unit>
		<Unit filename="test/channels.c">
			<Option compilerVar="CC" />
		</Unit>
		<Unit filename="test/echo-fork.c">
			<Option compilerVar="CC" />
		</Unit>
		<Unit filename="test/import-export.c">
			<Option compilerVar="CC" />
		</Unit>
		<Unit filename="test/invite-join.c">
			<Option compilerVar="CC" />
		</Unit>
		<Unit filename="test/sign-verify.c">
			<Option compilerVar="CC" />
		</Unit>
		<Unit filename="test/trio.c">
			<Option compilerVar="CC" />
		</Unit>
		<Unit filename="test/utils.c">
			<Option compilerVar="CC" />
		</Unit>
		<Unit filename="test/utils.h" />
		<Extensions>
			<code_completion />
			<envvars />
			<lib_finder disable_auto="1" />
			<debugger />
		</Extensions>
	</Project>
</CodeBlocks_project_file>
