<?xml version="1.0" encoding="UTF-8" standalone="yes" ?>
<CodeBlocks_project_file>
	<FileVersion major="1" minor="6" />
	<Project>
		<Option title="test_api" />
		<Option pch_mode="2" />
		<Option compiler="gcc" />
		<Build>
			<Target title="Debug">
				<Option output="bin/Debug/test_api" prefix_auto="1" extension_auto="1" />
				<Option object_output="obj/Debug/" />
				<Option type="1" />
				<Option compiler="gcc" />
				<Compiler>
					<Add option="-g" />
				</Compiler>
			</Target>
			<Target title="Release">
				<Option output="bin/Release/test_api" prefix_auto="1" extension_auto="1" />
				<Option object_output="obj/Release/" />
				<Option type="1" />
				<Option compiler="gcc" />
				<Compiler>
					<Add option="-O2" />
				</Compiler>
				<Linker>
					<Add option="-s" />
				</Linker>
			</Target>
		</Build>
		<Compiler>
			<Add option="-Wall" />
		</Compiler>
		<Unit filename="../common/common_handlers.c">
			<Option compilerVar="CC" />
		</Unit>
		<Unit filename="../common/common_handlers.h" />
		<Unit filename="../common/common_types.h" />
		<Unit filename="../common/containers.c">
			<Option compilerVar="CC" />
		</Unit>
		<Unit filename="../common/containers.h" />
		<Unit filename="../common/test_step.c">
			<Option compilerVar="CC" />
		</Unit>
		<Unit filename="../common/test_step.h" />
		<Unit filename="../run_blackbox_tests/Untitled1" />
		<Unit filename="../run_blackbox_tests/execute_tests.c">
			<Option compilerVar="CC" />
		</Unit>
		<Unit filename="../run_blackbox_tests/execute_tests.h" />
		<Unit filename="../run_blackbox_tests/run_blackbox_tests.c">
			<Option compilerVar="CC" />
		</Unit>
		<Unit filename="../run_blackbox_tests/test_cases.c">
			<Option compilerVar="CC" />
		</Unit>
		<Unit filename="../run_blackbox_tests/test_cases.h" />
		<Unit filename="../run_blackbox_tests/test_cases_add_addr.c">
			<Option compilerVar="CC" />
		</Unit>
		<Unit filename="../run_blackbox_tests/test_cases_add_addr.h" />
		<Unit filename="../run_blackbox_tests/test_cases_add_ex_addr.c">
			<Option compilerVar="CC" />
		</Unit>
		<Unit filename="../run_blackbox_tests/test_cases_add_ex_addr.h" />
		<Unit filename="../run_blackbox_tests/test_cases_channel_ex.c">
			<Option compilerVar="CC" />
		</Unit>
		<Unit filename="../run_blackbox_tests/test_cases_channel_ex.h" />
		<Unit filename="../run_blackbox_tests/test_cases_channel_get_flags.c">
			<Option compilerVar="CC" />
		</Unit>
		<Unit filename="../run_blackbox_tests/test_cases_channel_get_flags.h" />
		<Unit filename="../run_blackbox_tests/test_cases_channel_set_accept_cb.c">
			<Option compilerVar="CC" />
		</Unit>
		<Unit filename="../run_blackbox_tests/test_cases_destroy.c">
			<Option compilerVar="CC" />
		</Unit>
		<Unit filename="../run_blackbox_tests/test_cases_destroy.h" />
		<Unit filename="../run_blackbox_tests/test_cases_discovery.c">
			<Option compilerVar="CC" />
		</Unit>
		<Unit filename="../run_blackbox_tests/test_cases_discovery.h" />
		<Unit filename="../run_blackbox_tests/test_cases_export.c">
			<Option compilerVar="CC" />
		</Unit>
		<Unit filename="../run_blackbox_tests/test_cases_export.h" />
		<Unit filename="../run_blackbox_tests/test_cases_get_all_nodes.c">
			<Option compilerVar="CC" />
		</Unit>
		<Unit filename="../run_blackbox_tests/test_cases_get_all_nodes.h" />
		<Unit filename="../run_blackbox_tests/test_cases_get_ex_addr.c">
			<Option compilerVar="CC" />
		</Unit>
		<Unit filename="../run_blackbox_tests/test_cases_get_ex_addr.h" />
		<Unit filename="../run_blackbox_tests/test_cases_get_fingerprint.c">
			<Option compilerVar="CC" />
		</Unit>
		<Unit filename="../run_blackbox_tests/test_cases_get_fingerprint.h" />
		<Unit filename="../run_blackbox_tests/test_cases_get_node.c">
			<Option compilerVar="CC" />
		</Unit>
		<Unit filename="../run_blackbox_tests/test_cases_get_node.h" />
		<Unit filename="../run_blackbox_tests/test_cases_get_port.c">
			<Option compilerVar="CC" />
		</Unit>
		<Unit filename="../run_blackbox_tests/test_cases_get_port.h" />
		<Unit filename="../run_blackbox_tests/test_cases_get_self.c">
			<Option compilerVar="CC" />
		</Unit>
		<Unit filename="../run_blackbox_tests/test_cases_get_self.h" />
		<Unit filename="../run_blackbox_tests/test_cases_import.c">
			<Option compilerVar="CC" />
		</Unit>
		<Unit filename="../run_blackbox_tests/test_cases_invite.c">
			<Option compilerVar="CC" />
		</Unit>
		<Unit filename="../run_blackbox_tests/test_cases_invite.h" />
		<Unit filename="../run_blackbox_tests/test_cases_join.c">
			<Option compilerVar="CC" />
		</Unit>
		<Unit filename="../run_blackbox_tests/test_cases_join.h" />
		<Unit filename="../run_blackbox_tests/test_cases_open.c">
			<Option compilerVar="CC" />
		</Unit>
		<Unit filename="../run_blackbox_tests/test_cases_open.h" />
		<Unit filename="../run_blackbox_tests/test_cases_pmtu.c">
			<Option compilerVar="CC" />
		</Unit>
		<Unit filename="../run_blackbox_tests/test_cases_pmtu.h" />
		<Unit filename="../run_blackbox_tests/test_cases_rec_cb.c">
			<Option compilerVar="CC" />
		</Unit>
		<Unit filename="../run_blackbox_tests/test_cases_rec_cb.h" />
		<Unit filename="../run_blackbox_tests/test_cases_send.c">
			<Option compilerVar="CC" />
		</Unit>
		<Unit filename="../run_blackbox_tests/test_cases_send.h" />
		<Unit filename="../run_blackbox_tests/test_cases_set_log.c">
			<Option compilerVar="CC" />
		</Unit>
		<Unit filename="../run_blackbox_tests/test_cases_set_log_cb.h" />
		<Unit filename="../run_blackbox_tests/test_cases_set_port.c">
			<Option compilerVar="CC" />
		</Unit>
		<Unit filename="../run_blackbox_tests/test_cases_set_port.h" />
		<Unit filename="../run_blackbox_tests/test_cases_sign.c">
			<Option compilerVar="CC" />
		</Unit>
		<Unit filename="../run_blackbox_tests/test_cases_sign.h" />
		<Unit filename="../run_blackbox_tests/test_cases_start.c">
			<Option compilerVar="CC" />
		</Unit>
		<Unit filename="../run_blackbox_tests/test_cases_start.h" />
		<Unit filename="../run_blackbox_tests/test_cases_status_cb.c">
			<Option compilerVar="CC" />
		</Unit>
		<Unit filename="../run_blackbox_tests/test_cases_stop_close.c">
			<Option compilerVar="CC" />
		</Unit>
		<Unit filename="../run_blackbox_tests/test_cases_stop_close.h" />
		<Unit filename="../run_blackbox_tests/test_cases_verify.c">
			<Option compilerVar="CC" />
		</Unit>
		<Unit filename="../run_blackbox_tests/test_cases_verify.h" />
		<Extensions>
			<envvars />
			<code_completion />
			<lib_finder disable_auto="1" />
			<debugger />
		</Extensions>
	</Project>
</CodeBlocks_project_file>
